
Microsoft Visual Studio Solution File, Format Version 12.00
# Visual Studio 15
VisualStudioVersion = 15.0.26124.0
MinimumVisualStudioVersion = 15.0.26124.0
Project("{2150E333-8FDC-42A3-9474-1A3956D46DE8}") = "src", "src", "{791ECD5D-B262-4D60-B0AD-D077518C21D7}"
EndProject
Project("{F2A71F9B-5D33-465A-A702-920D77279786}") = "canopy", "src\canopy.netstandard\canopy.fsproj", "{C518DC34-2DB9-4BBD-A5F3-8B4AC4166822}"
EndProject
Project("{F2A71F9B-5D33-465A-A702-920D77279786}") = "canopy.integration", "src\canopy.integration.netstandard\canopy.integration.fsproj", "{BA98D6C4-C65E-433F-85A2-3D6C3E50899C}"
EndProject
Project("{2150E333-8FDC-42A3-9474-1A3956D46DE8}") = "tests", "tests", "{8C501ABB-CB9A-4750-A4BE-C85E052691CE}"
EndProject
Project("{F2A71F9B-5D33-465A-A702-920D77279786}") = "basictests.netcore", "tests\basictests.netcore\basictests.netcore.fsproj", "{8C10BD68-4132-4F1D-869C-D73A07D2375F}"
EndProject
Global
	GlobalSection(SolutionConfigurationPlatforms) = preSolution
		Debug|Any CPU = Debug|Any CPU
		Debug|x64 = Debug|x64
		Debug|x86 = Debug|x86
		Release|Any CPU = Release|Any CPU
		Release|x64 = Release|x64
		Release|x86 = Release|x86
	EndGlobalSection
	GlobalSection(SolutionProperties) = preSolution
		HideSolutionNode = FALSE
	EndGlobalSection
	GlobalSection(ProjectConfigurationPlatforms) = postSolution
		{C518DC34-2DB9-4BBD-A5F3-8B4AC4166822}.Debug|Any CPU.ActiveCfg = Debug|Any CPU
		{C518DC34-2DB9-4BBD-A5F3-8B4AC4166822}.Debug|Any CPU.Build.0 = Debug|Any CPU
		{C518DC34-2DB9-4BBD-A5F3-8B4AC4166822}.Debug|x64.ActiveCfg = Debug|x64
		{C518DC34-2DB9-4BBD-A5F3-8B4AC4166822}.Debug|x64.Build.0 = Debug|x64
		{C518DC34-2DB9-4BBD-A5F3-8B4AC4166822}.Debug|x86.ActiveCfg = Debug|x86
		{C518DC34-2DB9-4BBD-A5F3-8B4AC4166822}.Debug|x86.Build.0 = Debug|x86
		{C518DC34-2DB9-4BBD-A5F3-8B4AC4166822}.Release|Any CPU.ActiveCfg = Release|Any CPU
		{C518DC34-2DB9-4BBD-A5F3-8B4AC4166822}.Release|Any CPU.Build.0 = Release|Any CPU
		{C518DC34-2DB9-4BBD-A5F3-8B4AC4166822}.Release|x64.ActiveCfg = Release|x64
		{C518DC34-2DB9-4BBD-A5F3-8B4AC4166822}.Release|x64.Build.0 = Release|x64
		{C518DC34-2DB9-4BBD-A5F3-8B4AC4166822}.Release|x86.ActiveCfg = Release|x86
		{C518DC34-2DB9-4BBD-A5F3-8B4AC4166822}.Release|x86.Build.0 = Release|x86
		{BA98D6C4-C65E-433F-85A2-3D6C3E50899C}.Debug|Any CPU.ActiveCfg = Debug|Any CPU
		{BA98D6C4-C65E-433F-85A2-3D6C3E50899C}.Debug|Any CPU.Build.0 = Debug|Any CPU
		{BA98D6C4-C65E-433F-85A2-3D6C3E50899C}.Debug|x64.ActiveCfg = Debug|x64
		{BA98D6C4-C65E-433F-85A2-3D6C3E50899C}.Debug|x64.Build.0 = Debug|x64
		{BA98D6C4-C65E-433F-85A2-3D6C3E50899C}.Debug|x86.ActiveCfg = Debug|x86
		{BA98D6C4-C65E-433F-85A2-3D6C3E50899C}.Debug|x86.Build.0 = Debug|x86
		{BA98D6C4-C65E-433F-85A2-3D6C3E50899C}.Release|Any CPU.ActiveCfg = Release|Any CPU
		{BA98D6C4-C65E-433F-85A2-3D6C3E50899C}.Release|Any CPU.Build.0 = Release|Any CPU
		{BA98D6C4-C65E-433F-85A2-3D6C3E50899C}.Release|x64.ActiveCfg = Release|x64
		{BA98D6C4-C65E-433F-85A2-3D6C3E50899C}.Release|x64.Build.0 = Release|x64
		{BA98D6C4-C65E-433F-85A2-3D6C3E50899C}.Release|x86.ActiveCfg = Release|x86
		{BA98D6C4-C65E-433F-85A2-3D6C3E50899C}.Release|x86.Build.0 = Release|x86
		{8C10BD68-4132-4F1D-869C-D73A07D2375F}.Debug|Any CPU.ActiveCfg = Debug|Any CPU
		{8C10BD68-4132-4F1D-869C-D73A07D2375F}.Debug|Any CPU.Build.0 = Debug|Any CPU
		{8C10BD68-4132-4F1D-869C-D73A07D2375F}.Debug|x64.ActiveCfg = Debug|x64
		{8C10BD68-4132-4F1D-869C-D73A07D2375F}.Debug|x64.Build.0 = Debug|x64
		{8C10BD68-4132-4F1D-869C-D73A07D2375F}.Debug|x86.ActiveCfg = Debug|x86
		{8C10BD68-4132-4F1D-869C-D73A07D2375F}.Debug|x86.Build.0 = Debug|x86
		{8C10BD68-4132-4F1D-869C-D73A07D2375F}.Release|Any CPU.ActiveCfg = Release|Any CPU
		{8C10BD68-4132-4F1D-869C-D73A07D2375F}.Release|Any CPU.Build.0 = Release|Any CPU
		{8C10BD68-4132-4F1D-869C-D73A07D2375F}.Release|x64.ActiveCfg = Release|x64
		{8C10BD68-4132-4F1D-869C-D73A07D2375F}.Release|x64.Build.0 = Release|x64
		{8C10BD68-4132-4F1D-869C-D73A07D2375F}.Release|x86.ActiveCfg = Release|x86
		{8C10BD68-4132-4F1D-869C-D73A07D2375F}.Release|x86.Build.0 = Release|x86
	EndGlobalSection
	GlobalSection(NestedProjects) = preSolution
		{C518DC34-2DB9-4BBD-A5F3-8B4AC4166822} = {791ECD5D-B262-4D60-B0AD-D077518C21D7}
		{BA98D6C4-C65E-433F-85A2-3D6C3E50899C} = {791ECD5D-B262-4D60-B0AD-D077518C21D7}
		{8C10BD68-4132-4F1D-869C-D73A07D2375F} = {8C501ABB-CB9A-4750-A4BE-C85E052691CE}
	EndGlobalSection
EndGlobal
