
Microsoft Visual Studio Solution File, Format Version 12.00
# Visual Studio 2013
VisualStudioVersion = 12.0.31101.0
MinimumVisualStudioVersion = 10.0.40219.1
Project("{2150E333-8FDC-42A3-9474-1A3956D46DE8}") = ".nuget", ".nuget", "{51B54B14-A7C3-450B-A722-159E9CD3010F}"
	ProjectSection(SolutionItems) = preProject
		.NuGet\NuGet.Config = .NuGet\NuGet.Config
		.NuGet\NuGet.exe = .NuGet\NuGet.exe
		.NuGet\NuGet.targets = .NuGet\NuGet.targets
	EndProjectSection
EndProject
Project("{2150E333-8FDC-42A3-9474-1A3956D46DE8}") = "tests", "tests", "{0391DED2-DF91-4A61-959E-EEA250356DA0}"
EndProject
Project("{F2A71F9B-5D33-465A-A702-920D77279786}") = "basictests", "tests\basictests\basictests.fsproj", "{D4610DE2-BFD2-491D-AD72-BBBB206E11C7}"
EndProject
Project("{F2A71F9B-5D33-465A-A702-920D77279786}") = "documentationtests", "tests\documentationtests\documentationtests.fsproj", "{A39AE288-5534-43ED-ADFD-2E401E2C25BA}"
EndProject
Project("{F2A71F9B-5D33-465A-A702-920D77279786}") = "canopy", "src\canopy\canopy.fsproj", "{63135CF6-70A9-4382-851D-4B679EE0CBF8}"
EndProject
Project("{F2A71F9B-5D33-465A-A702-920D77279786}") = "sampleprojectstructure", "src\sampleprojectstructure\sampleprojectstructure.fsproj", "{9DE5614C-8D7F-4BBD-A6A0-24AABD76796C}"
EndProject
Project("{2150E333-8FDC-42A3-9474-1A3956D46DE8}") = "docs", "docs", "{12E9007C-8265-43D8-86B0-C9182921A9E5}"
EndProject
Project("{2150E333-8FDC-42A3-9474-1A3956D46DE8}") = "project", "project", "{C8531F58-5EAB-413F-BB2F-FE96AE0A55F2}"
	ProjectSection(SolutionItems) = preProject
		Build.fsx = Build.fsx
		nuget\canopy-edge.nuspec = nuget\canopy-edge.nuspec
		nuget\canopy.nuspec = nuget\canopy.nuspec
		README.md = README.md
		RELEASE_NOTES.md = RELEASE_NOTES.md
	EndProjectSection
EndProject
Project("{2150E333-8FDC-42A3-9474-1A3956D46DE8}") = "content", "content", "{A94D736A-68EB-4D7B-A761-DF6B1EEAE24C}"
	ProjectSection(SolutionItems) = preProject
		docs\content\actions.fsx = docs\content\actions.fsx
		docs\content\assertions.fsx = docs\content\assertions.fsx
		docs\content\configuration.fsx = docs\content\configuration.fsx
		docs\content\index.fsx = docs\content\index.fsx
		docs\content\reporting.fsx = docs\content\reporting.fsx
		docs\content\testing.fsx = docs\content\testing.fsx
	EndProjectSection
EndProject
Project("{2150E333-8FDC-42A3-9474-1A3956D46DE8}") = "tools", "tools", "{3C3590B5-4CC8-49D1-A2CE-4FDFA73ADB53}"
	ProjectSection(SolutionItems) = preProject
		docs\tools\generate.fsx = docs\tools\generate.fsx
		docs\tools\packages.config = docs\tools\packages.config
		docs\tools\templates\template.cshtml = docs\tools\templates\template.cshtml
	EndProjectSection
EndProject
Global
	GlobalSection(SolutionConfigurationPlatforms) = preSolution
		Debug|Any CPU = Debug|Any CPU
		Debug|Mixed Platforms = Debug|Mixed Platforms
		Debug|x86 = Debug|x86
		Release|Any CPU = Release|Any CPU
		Release|Mixed Platforms = Release|Mixed Platforms
		Release|x86 = Release|x86
	EndGlobalSection
	GlobalSection(ProjectConfigurationPlatforms) = postSolution
		{D4610DE2-BFD2-491D-AD72-BBBB206E11C7}.Debug|Any CPU.ActiveCfg = Debug|x86
		{D4610DE2-BFD2-491D-AD72-BBBB206E11C7}.Debug|Mixed Platforms.ActiveCfg = Debug|x86
		{D4610DE2-BFD2-491D-AD72-BBBB206E11C7}.Debug|Mixed Platforms.Build.0 = Debug|x86
		{D4610DE2-BFD2-491D-AD72-BBBB206E11C7}.Debug|x86.ActiveCfg = Debug|x86
		{D4610DE2-BFD2-491D-AD72-BBBB206E11C7}.Debug|x86.Build.0 = Debug|x86
		{D4610DE2-BFD2-491D-AD72-BBBB206E11C7}.Release|Any CPU.ActiveCfg = Release|x86
		{D4610DE2-BFD2-491D-AD72-BBBB206E11C7}.Release|Mixed Platforms.ActiveCfg = Release|x86
		{D4610DE2-BFD2-491D-AD72-BBBB206E11C7}.Release|Mixed Platforms.Build.0 = Release|x86
		{D4610DE2-BFD2-491D-AD72-BBBB206E11C7}.Release|x86.ActiveCfg = Release|x86
		{D4610DE2-BFD2-491D-AD72-BBBB206E11C7}.Release|x86.Build.0 = Release|x86
		{A39AE288-5534-43ED-ADFD-2E401E2C25BA}.Debug|Any CPU.ActiveCfg = Debug|x86
		{A39AE288-5534-43ED-ADFD-2E401E2C25BA}.Debug|Mixed Platforms.ActiveCfg = Debug|x86
		{A39AE288-5534-43ED-ADFD-2E401E2C25BA}.Debug|Mixed Platforms.Build.0 = Debug|x86
		{A39AE288-5534-43ED-ADFD-2E401E2C25BA}.Debug|x86.ActiveCfg = Debug|x86
		{A39AE288-5534-43ED-ADFD-2E401E2C25BA}.Debug|x86.Build.0 = Debug|x86
		{A39AE288-5534-43ED-ADFD-2E401E2C25BA}.Release|Any CPU.ActiveCfg = Release|x86
		{A39AE288-5534-43ED-ADFD-2E401E2C25BA}.Release|Mixed Platforms.ActiveCfg = Release|x86
		{A39AE288-5534-43ED-ADFD-2E401E2C25BA}.Release|Mixed Platforms.Build.0 = Release|x86
		{A39AE288-5534-43ED-ADFD-2E401E2C25BA}.Release|x86.ActiveCfg = Release|x86
		{A39AE288-5534-43ED-ADFD-2E401E2C25BA}.Release|x86.Build.0 = Release|x86
		{63135CF6-70A9-4382-851D-4B679EE0CBF8}.Debug|Any CPU.ActiveCfg = Debug|Any CPU
		{63135CF6-70A9-4382-851D-4B679EE0CBF8}.Debug|Any CPU.Build.0 = Debug|Any CPU
		{63135CF6-70A9-4382-851D-4B679EE0CBF8}.Debug|Mixed Platforms.ActiveCfg = Debug|Any CPU
		{63135CF6-70A9-4382-851D-4B679EE0CBF8}.Debug|Mixed Platforms.Build.0 = Debug|Any CPU
		{63135CF6-70A9-4382-851D-4B679EE0CBF8}.Debug|x86.ActiveCfg = Debug|Any CPU
		{63135CF6-70A9-4382-851D-4B679EE0CBF8}.Release|Any CPU.ActiveCfg = Release|Any CPU
		{63135CF6-70A9-4382-851D-4B679EE0CBF8}.Release|Any CPU.Build.0 = Release|Any CPU
		{63135CF6-70A9-4382-851D-4B679EE0CBF8}.Release|Mixed Platforms.ActiveCfg = Release|Any CPU
		{63135CF6-70A9-4382-851D-4B679EE0CBF8}.Release|Mixed Platforms.Build.0 = Release|Any CPU
		{63135CF6-70A9-4382-851D-4B679EE0CBF8}.Release|x86.ActiveCfg = Release|Any CPU
		{9DE5614C-8D7F-4BBD-A6A0-24AABD76796C}.Debug|Any CPU.ActiveCfg = Debug|Any CPU
		{9DE5614C-8D7F-4BBD-A6A0-24AABD76796C}.Debug|Any CPU.Build.0 = Debug|Any CPU
		{9DE5614C-8D7F-4BBD-A6A0-24AABD76796C}.Debug|Mixed Platforms.ActiveCfg = Debug|Any CPU
		{9DE5614C-8D7F-4BBD-A6A0-24AABD76796C}.Debug|Mixed Platforms.Build.0 = Debug|Any CPU
		{9DE5614C-8D7F-4BBD-A6A0-24AABD76796C}.Debug|x86.ActiveCfg = Debug|Any CPU
		{9DE5614C-8D7F-4BBD-A6A0-24AABD76796C}.Release|Any CPU.ActiveCfg = Release|Any CPU
		{9DE5614C-8D7F-4BBD-A6A0-24AABD76796C}.Release|Any CPU.Build.0 = Release|Any CPU
		{9DE5614C-8D7F-4BBD-A6A0-24AABD76796C}.Release|Mixed Platforms.ActiveCfg = Release|Any CPU
		{9DE5614C-8D7F-4BBD-A6A0-24AABD76796C}.Release|Mixed Platforms.Build.0 = Release|Any CPU
		{9DE5614C-8D7F-4BBD-A6A0-24AABD76796C}.Release|x86.ActiveCfg = Release|Any CPU
	EndGlobalSection
	GlobalSection(SolutionProperties) = preSolution
		HideSolutionNode = FALSE
	EndGlobalSection
	GlobalSection(NestedProjects) = preSolution
		{D4610DE2-BFD2-491D-AD72-BBBB206E11C7} = {0391DED2-DF91-4A61-959E-EEA250356DA0}
		{A39AE288-5534-43ED-ADFD-2E401E2C25BA} = {0391DED2-DF91-4A61-959E-EEA250356DA0}
		{A94D736A-68EB-4D7B-A761-DF6B1EEAE24C} = {12E9007C-8265-43D8-86B0-C9182921A9E5}
		{3C3590B5-4CC8-49D1-A2CE-4FDFA73ADB53} = {12E9007C-8265-43D8-86B0-C9182921A9E5}
	EndGlobalSection
EndGlobal
